
Microsoft Visual Studio Solution File, Format Version 12.00
# Visual Studio 2012
Project("{8BC9CEB8-8B4A-11D0-8D11-00A0C91BC942}") = "TactonicVisualizerWin", "TactonicVisualizerWin.vcxproj", "{DB37D910-1615-4D74-9C64-DFEEC7419F30}"
EndProject
Project("{8BC9CEB8-8B4A-11D0-8D11-00A0C91BC942}") = "TestDLL", "..\TestDLL\TestDLL.vcxproj", "{3232DE87-21E1-4BC8-830B-6DB91215C032}"
	ProjectSection(ProjectDependencies) = postProject
		{492F6EF9-C909-44AE-AABC-D15289C99A59} = {492F6EF9-C909-44AE-AABC-D15289C99A59}
	EndProjectSection
EndProject
Project("{8BC9CEB8-8B4A-11D0-8D11-00A0C91BC942}") = "TactonicDLL", "TactonicDLL\TactonicDLL.vcxproj", "{492F6EF9-C909-44AE-AABC-D15289C99A59}"
EndProject
Project("{8BC9CEB8-8B4A-11D0-8D11-00A0C91BC942}") = "SimpleDLL", "..\SimpleDLL\SimpleDLL.vcxproj", "{83C19FF9-BCC9-48ED-8B0E-A2F3508B4219}"
EndProject
Global
	GlobalSection(SolutionConfigurationPlatforms) = preSolution
		Debug|Win32 = Debug|Win32
		Debug|x64 = Debug|x64
		Release|Win32 = Release|Win32
		Release|x64 = Release|x64
	EndGlobalSection
	GlobalSection(ProjectConfigurationPlatforms) = postSolution
		{DB37D910-1615-4D74-9C64-DFEEC7419F30}.Debug|Win32.ActiveCfg = Debug|Win32
		{DB37D910-1615-4D74-9C64-DFEEC7419F30}.Debug|Win32.Build.0 = Debug|Win32
		{DB37D910-1615-4D74-9C64-DFEEC7419F30}.Debug|x64.ActiveCfg = Debug|x64
		{DB37D910-1615-4D74-9C64-DFEEC7419F30}.Debug|x64.Build.0 = Debug|x64
		{DB37D910-1615-4D74-9C64-DFEEC7419F30}.Release|Win32.ActiveCfg = Release|Win32
		{DB37D910-1615-4D74-9C64-DFEEC7419F30}.Release|Win32.Build.0 = Release|Win32
		{DB37D910-1615-4D74-9C64-DFEEC7419F30}.Release|x64.ActiveCfg = Release|x64
		{DB37D910-1615-4D74-9C64-DFEEC7419F30}.Release|x64.Build.0 = Release|x64
		{3232DE87-21E1-4BC8-830B-6DB91215C032}.Debug|Win32.ActiveCfg = Debug|Win32
		{3232DE87-21E1-4BC8-830B-6DB91215C032}.Debug|Win32.Build.0 = Debug|Win32
		{3232DE87-21E1-4BC8-830B-6DB91215C032}.Debug|x64.ActiveCfg = Debug|x64
		{3232DE87-21E1-4BC8-830B-6DB91215C032}.Debug|x64.Build.0 = Debug|x64
		{3232DE87-21E1-4BC8-830B-6DB91215C032}.Release|Win32.ActiveCfg = Release|Win32
		{3232DE87-21E1-4BC8-830B-6DB91215C032}.Release|Win32.Build.0 = Release|Win32
		{3232DE87-21E1-4BC8-830B-6DB91215C032}.Release|x64.ActiveCfg = Release|x64
		{3232DE87-21E1-4BC8-830B-6DB91215C032}.Release|x64.Build.0 = Release|x64
		{492F6EF9-C909-44AE-AABC-D15289C99A59}.Debug|Win32.ActiveCfg = Debug|Win32
		{492F6EF9-C909-44AE-AABC-D15289C99A59}.Debug|Win32.Build.0 = Debug|Win32
		{492F6EF9-C909-44AE-AABC-D15289C99A59}.Debug|x64.ActiveCfg = Debug|x64
		{492F6EF9-C909-44AE-AABC-D15289C99A59}.Debug|x64.Build.0 = Debug|x64
		{492F6EF9-C909-44AE-AABC-D15289C99A59}.Release|Win32.ActiveCfg = Release|Win32
		{492F6EF9-C909-44AE-AABC-D15289C99A59}.Release|Win32.Build.0 = Release|Win32
		{492F6EF9-C909-44AE-AABC-D15289C99A59}.Release|x64.ActiveCfg = Release|x64
		{492F6EF9-C909-44AE-AABC-D15289C99A59}.Release|x64.Build.0 = Release|x64
		{83C19FF9-BCC9-48ED-8B0E-A2F3508B4219}.Debug|Win32.ActiveCfg = Debug|Win32
		{83C19FF9-BCC9-48ED-8B0E-A2F3508B4219}.Debug|Win32.Build.0 = Debug|Win32
		{83C19FF9-BCC9-48ED-8B0E-A2F3508B4219}.Debug|x64.ActiveCfg = Debug|Win32
		{83C19FF9-BCC9-48ED-8B0E-A2F3508B4219}.Release|Win32.ActiveCfg = Release|Win32
		{83C19FF9-BCC9-48ED-8B0E-A2F3508B4219}.Release|Win32.Build.0 = Release|Win32
		{83C19FF9-BCC9-48ED-8B0E-A2F3508B4219}.Release|x64.ActiveCfg = Release|Win32
	EndGlobalSection
	GlobalSection(SolutionProperties) = preSolution
		HideSolutionNode = FALSE
	EndGlobalSection
EndGlobal
